
Microsoft Visual Studio Solution File, Format Version 12.00
# Visual Studio 15
VisualStudioVersion = 15.0.28010.2048
MinimumVisualStudioVersion = 10.0.40219.1
Project("{FAE04EC0-301F-11D3-BF4B-00C04F79EFBC}") = "HashBrowns", "HashBrowns\HashBrowns.csproj", "{FBA6635F-AFE7-4ACB-AFB6-0F11679EA8F3}"
EndProject
Project("{FAE04EC0-301F-11D3-BF4B-00C04F79EFBC}") = "HashBrowns.Tests", "HashBrowns.Tests\HashBrowns.Tests.csproj", "{D0DEF719-C3E9-40C0-940F-43DB57C71F76}"
EndProject
Global
	GlobalSection(SolutionConfigurationPlatforms) = preSolution
		Debug|Any CPU = Debug|Any CPU
		Release|Any CPU = Release|Any CPU
	EndGlobalSection
	GlobalSection(ProjectConfigurationPlatforms) = postSolution
		{FBA6635F-AFE7-4ACB-AFB6-0F11679EA8F3}.Debug|Any CPU.ActiveCfg = Debug|Any CPU
		{FBA6635F-AFE7-4ACB-AFB6-0F11679EA8F3}.Debug|Any CPU.Build.0 = Debug|Any CPU
		{FBA6635F-AFE7-4ACB-AFB6-0F11679EA8F3}.Release|Any CPU.ActiveCfg = Release|Any CPU
		{FBA6635F-AFE7-4ACB-AFB6-0F11679EA8F3}.Release|Any CPU.Build.0 = Release|Any CPU
		{D0DEF719-C3E9-40C0-940F-43DB57C71F76}.Debug|Any CPU.ActiveCfg = Debug|Any CPU
		{D0DEF719-C3E9-40C0-940F-43DB57C71F76}.Debug|Any CPU.Build.0 = Debug|Any CPU
		{D0DEF719-C3E9-40C0-940F-43DB57C71F76}.Release|Any CPU.ActiveCfg = Release|Any CPU
		{D0DEF719-C3E9-40C0-940F-43DB57C71F76}.Release|Any CPU.Build.0 = Release|Any CPU
	EndGlobalSection
	GlobalSection(SolutionProperties) = preSolution
		HideSolutionNode = FALSE
	EndGlobalSection
	GlobalSection(ExtensibilityGlobals) = postSolution
		SolutionGuid = {86254480-D3D1-49ED-8D9B-ED38489E6CB6}
	EndGlobalSection
EndGlobal
